{
  "name": "pick-a-number",
  "version": "0.0.0",
  "lockfileVersion": 1,
  "requires": true,
  "dependencies": {
    "cookies": {
      "version": "0.3.4",
      "resolved": "https://registry.npmjs.org/cookies/-/cookies-0.3.4.tgz",
      "integrity": "sha1-xa+sexnHI8cOHw+yTyWojk03N0I="
    },
    "formidable": {
      "version": "1.0.9",
      "resolved": "https://registry.npmjs.org/formidable/-/formidable-1.0.9.tgz",
      "integrity": "sha1-QZ47zOrT6IdNU59bPnKkxQOzGpg="
    },
    "http-status": {
      "version": "0.1.1",
      "resolved": "https://registry.npmjs.org/http-status/-/http-status-0.1.1.tgz",
      "integrity": "sha1-Q5Prup7UrRh3er9CwIl6vCvkt/s="
    },
    "json-template-foo": {
      "version": "0.8.0",
      "resolved": "https://registry.npmjs.org/json-template-foo/-/json-template-foo-0.8.0.tgz",
      "integrity": "sha1-4ri+wVLjWSWQnd5aZeBVi3JaiAI="
    },
    "node-uuid": {
      "version": "1.3.3",
      "resolved": "https://registry.npmjs.org/node-uuid/-/node-uuid-1.3.3.tgz",
      "integrity": "sha1-09tNe1aBDZ5AMjQnZigq8HORcps="
    },
    "openid": {
      "version": "https://github.com/havard/node-openid/tarball/ead2635b1d51e8383ec497c7fc6bcf1adf66c67b",
      "integrity": "sha512-FwiAi2hurf2j4CRGmdb/w/gwVcCw3FphqtfFZQuqJnO8bdL9ryOyaw6xxg7duTdb767olHfx+I/0pzRlQb/kAg=="
    }
  }
}
